
Microsoft Visual Studio Solution File, Format Version 12.00
# Visual Studio 2013
VisualStudioVersion = 12.0.30501.0
MinimumVisualStudioVersion = 10.0.40219.1
Project("{B1E792BE-AA5F-4E3C-8C82-674BF9C0715B}") = "LCLSGeneral", "LCLSGeneral\LCLSGeneral.tsproj", "{9AC02CD1-4FA4-49DE-BC09-848126C612E3}"
EndProject
Global
	GlobalSection(SolutionConfigurationPlatforms) = preSolution
		Debug|TwinCAT CE7 (ARMV7) = Debug|TwinCAT CE7 (ARMV7)
		Debug|TwinCAT RT (x64) = Debug|TwinCAT RT (x64)
		Debug|TwinCAT RT (x86) = Debug|TwinCAT RT (x86)
		Release|TwinCAT CE7 (ARMV7) = Release|TwinCAT CE7 (ARMV7)
		Release|TwinCAT RT (x64) = Release|TwinCAT RT (x64)
		Release|TwinCAT RT (x86) = Release|TwinCAT RT (x86)
	EndGlobalSection
	GlobalSection(ProjectConfigurationPlatforms) = postSolution
		{9AC02CD1-4FA4-49DE-BC09-848126C612E3}.Debug|TwinCAT CE7 (ARMV7).ActiveCfg = Debug|TwinCAT CE7 (ARMV7)
		{9AC02CD1-4FA4-49DE-BC09-848126C612E3}.Debug|TwinCAT CE7 (ARMV7).Build.0 = Debug|TwinCAT CE7 (ARMV7)
		{9AC02CD1-4FA4-49DE-BC09-848126C612E3}.Debug|TwinCAT RT (x64).ActiveCfg = Debug|TwinCAT RT (x64)
		{9AC02CD1-4FA4-49DE-BC09-848126C612E3}.Debug|TwinCAT RT (x64).Build.0 = Debug|TwinCAT RT (x64)
		{9AC02CD1-4FA4-49DE-BC09-848126C612E3}.Debug|TwinCAT RT (x86).ActiveCfg = Debug|TwinCAT RT (x86)
		{9AC02CD1-4FA4-49DE-BC09-848126C612E3}.Debug|TwinCAT RT (x86).Build.0 = Debug|TwinCAT RT (x86)
		{9AC02CD1-4FA4-49DE-BC09-848126C612E3}.Release|TwinCAT CE7 (ARMV7).ActiveCfg = Release|TwinCAT CE7 (ARMV7)
		{9AC02CD1-4FA4-49DE-BC09-848126C612E3}.Release|TwinCAT CE7 (ARMV7).Build.0 = Release|TwinCAT CE7 (ARMV7)
		{9AC02CD1-4FA4-49DE-BC09-848126C612E3}.Release|TwinCAT RT (x64).ActiveCfg = Release|TwinCAT RT (x64)
		{9AC02CD1-4FA4-49DE-BC09-848126C612E3}.Release|TwinCAT RT (x64).Build.0 = Release|TwinCAT RT (x64)
		{9AC02CD1-4FA4-49DE-BC09-848126C612E3}.Release|TwinCAT RT (x86).ActiveCfg = Release|TwinCAT RT (x86)
		{9AC02CD1-4FA4-49DE-BC09-848126C612E3}.Release|TwinCAT RT (x86).Build.0 = Release|TwinCAT RT (x86)
		{DF4CAFE9-8807-49B7-953A-22D467A15EF7}.Debug|TwinCAT CE7 (ARMV7).ActiveCfg = Debug|TwinCAT CE7 (ARMV7)
		{DF4CAFE9-8807-49B7-953A-22D467A15EF7}.Debug|TwinCAT CE7 (ARMV7).Build.0 = Debug|TwinCAT CE7 (ARMV7)
		{DF4CAFE9-8807-49B7-953A-22D467A15EF7}.Debug|TwinCAT RT (x64).ActiveCfg = Debug|TwinCAT RT (x64)
		{DF4CAFE9-8807-49B7-953A-22D467A15EF7}.Debug|TwinCAT RT (x64).Build.0 = Debug|TwinCAT RT (x64)
		{DF4CAFE9-8807-49B7-953A-22D467A15EF7}.Debug|TwinCAT RT (x86).ActiveCfg = Debug|TwinCAT RT (x86)
		{DF4CAFE9-8807-49B7-953A-22D467A15EF7}.Debug|TwinCAT RT (x86).Build.0 = Debug|TwinCAT RT (x86)
		{DF4CAFE9-8807-49B7-953A-22D467A15EF7}.Release|TwinCAT CE7 (ARMV7).ActiveCfg = Release|TwinCAT CE7 (ARMV7)
		{DF4CAFE9-8807-49B7-953A-22D467A15EF7}.Release|TwinCAT CE7 (ARMV7).Build.0 = Release|TwinCAT CE7 (ARMV7)
		{DF4CAFE9-8807-49B7-953A-22D467A15EF7}.Release|TwinCAT RT (x64).ActiveCfg = Release|TwinCAT RT (x64)
		{DF4CAFE9-8807-49B7-953A-22D467A15EF7}.Release|TwinCAT RT (x64).Build.0 = Release|TwinCAT RT (x64)
		{DF4CAFE9-8807-49B7-953A-22D467A15EF7}.Release|TwinCAT RT (x86).ActiveCfg = Release|TwinCAT RT (x86)
		{DF4CAFE9-8807-49B7-953A-22D467A15EF7}.Release|TwinCAT RT (x86).Build.0 = Release|TwinCAT RT (x86)
	EndGlobalSection
	GlobalSection(SolutionProperties) = preSolution
		HideSolutionNode = FALSE
	EndGlobalSection
	GlobalSection(SubversionScc) = preSolution
		Svn-Managed = True
		Manager = AnkhSVN - Subversion Support for Visual Studio
	EndGlobalSection
EndGlobal
